{
    "_readme": [
        "This file locks the dependencies of your project to a known state",
        "Read more about it at https://getcomposer.org/doc/01-basic-usage.md#composer-lock-the-lock-file",
        "This file is @generated automatically"
    ],
    "content-hash": "ac60262fcbafbdd97d0cb8653cd3e2dd",
    "packages": [
        {
            "name": "composer/installers",
            "version": "v1.4.0",
            "source": {
                "type": "git",
                "url": "https://github.com/composer/installers.git",
                "reference": "9ce17fb70e9a38dd8acff0636a29f5cf4d575c1b"
            },
            "dist": {
                "type": "zip",
                "url": "https://api.github.com/repos/composer/installers/zipball/9ce17fb70e9a38dd8acff0636a29f5cf4d575c1b",
                "reference": "9ce17fb70e9a38dd8acff0636a29f5cf4d575c1b",
                "shasum": ""
            },
            "require": {
                "composer-plugin-api": "^1.0"
            },
            "replace": {
                "roundcube/plugin-installer": "*",
                "shama/baton": "*"
            },
            "require-dev": {
                "composer/composer": "1.0.*@dev",
                "phpunit/phpunit": "4.1.*"
            },
            "type": "composer-plugin",
            "extra": {
                "class": "Composer\\Installers\\Plugin",
                "branch-alias": {
                    "dev-master": "1.0-dev"
                }
            },
            "autoload": {
                "psr-4": {
                    "Composer\\Installers\\": "src/Composer/Installers"
                }
            },
            "notification-url": "https://packagist.org/downloads/",
            "license": [
                "MIT"
            ],
            "authors": [
                {
                    "name": "Kyle Robinson Young",
                    "email": "kyle@dontkry.com",
                    "homepage": "https://github.com/shama"
                }
            ],
            "description": "A multi-framework Composer library installer",
            "homepage": "https://composer.github.io/installers/",
            "keywords": [
                "Craft",
                "Dolibarr",
                "Eliasis",
                "Hurad",
                "ImageCMS",
                "Kanboard",
                "Lan Management System",
                "MODX Evo",
                "Mautic",
                "Maya",
                "OXID",
                "Plentymarkets",
                "Porto",
                "RadPHP",
                "SMF",
                "Thelia",
                "WolfCMS",
                "agl",
                "aimeos",
                "annotatecms",
                "attogram",
                "bitrix",
                "cakephp",
                "chef",
                "cockpit",
                "codeigniter",
                "concrete5",
                "croogo",
                "dokuwiki",
                "drupal",
                "eZ Platform",
                "elgg",
                "expressionengine",
                "fuelphp",
                "grav",
                "installer",
                "itop",
                "joomla",
                "kohana",
                "laravel",
                "lavalite",
                "lithium",
                "magento",
                "mako",
                "mediawiki",
                "modulework",
                "moodle",
                "osclass",
                "phpbb",
                "piwik",
                "ppi",
                "puppet",
                "reindex",
                "roundcube",
                "shopware",
                "silverstripe",
                "sydes",
                "symfony",
                "typo3",
                "wordpress",
                "yawik",
                "zend",
                "zikula"
            ],
            "time": "2017-08-09T07:53:48+00:00"
        },
        {
            "name": "ommu/core",
            "version": "1.3.1",
            "source": {
                "type": "git",
                "url": "https://github.com/ommu/ommu-core.git",
                "reference": "4977a67175dcf460c3be5f09cab5dbb0a148c65e"
            },
            "dist": {
                "type": "zip",
                "url": "https://api.github.com/repos/ommu/ommu-core/zipball/4977a67175dcf460c3be5f09cab5dbb0a148c65e",
                "reference": "4977a67175dcf460c3be5f09cab5dbb0a148c65e",
                "shasum": ""
            },
            "require": {
                "ommu/gapi-google-analytics-php-interface": "^1.0",
                "oomphinc/composer-installers-extender": "^1.0",
                "php": ">=5.3.2",
                "yiiext/imperavi-redactor-widget": "^1.3.10",
                "yiisoft/yii": ">=1.1.14"
            },
            "type": "ommu-library",
            "notification-url": "https://packagist.org/downloads/",
            "license": [
                "Apache-2.0"
            ],
            "authors": [
                {
                    "name": "Putra Sudaryanto",
                    "email": "putra@sudaryanto.id",
                    "homepage": "https://putra.sudaryanto.id",
                    "role": "Creator"
                }
            ],
            "description": "Module Core Ommu Platform",
            "homepage": "https://github.com/ommu/ommu-core",
            "keywords": [
                "core",
                "library",
                "module",
                "ommu",
                "ommu platform",
                "platform",
                "yii"
            ],
            "time": "2017-11-20T09:18:20+00:00"
        },
        {
            "name": "ommu/gapi-google-analytics-php-interface",
            "version": "1.0",
            "source": {
                "type": "git",
                "url": "https://github.com/ommu/ext-gapi.git",
                "reference": "dbc31039988cb1e98452c92801acd04707b99016"
            },
            "dist": {
                "type": "zip",
                "url": "https://api.github.com/repos/ommu/ext-gapi/zipball/dbc31039988cb1e98452c92801acd04707b99016",
                "reference": "dbc31039988cb1e98452c92801acd04707b99016",
                "shasum": ""
            },
            "require": {
                "php": ">=5.3.2",
                "yiisoft/yii": "^1.1.14"
            },
            "type": "ommu-extension",
            "notification-url": "https://packagist.org/downloads/",
            "license": [
                "Apache-2.0"
            ],
            "authors": [
                {
                    "name": "Putra Sudaryanto",
                    "email": "putra@sudaryanto.id",
                    "homepage": "https://putra.sudaryanto.id",
                    "role": "Creator"
                }
            ],
            "description": "Google Analytic PHP Interface for Ommu Platform",
            "homepage": "https://github.com/ommu/ext-gapi",
            "keywords": [
                "analytics",
                "extension",
                "ga",
                "google",
                "google analytics",
                "ommu",
                "ommu platform",
                "platform"
            ],
            "time": "2017-09-24T13:25:11+00:00"
        },
        {
            "name": "ommu/gii",
            "version": "1.0.1",
            "source": {
                "type": "git",
                "url": "https://github.com/ommu/ommu-gii-template.git",
                "reference": "8da8be5f6c8bed1c74e2f6a3156115632731e5fe"
            },
            "dist": {
                "type": "zip",
                "url": "https://api.github.com/repos/ommu/ommu-gii-template/zipball/8da8be5f6c8bed1c74e2f6a3156115632731e5fe",
                "reference": "8da8be5f6c8bed1c74e2f6a3156115632731e5fe",
                "shasum": ""
            },
            "require": {
                "oomphinc/composer-installers-extender": "^1.0",
                "php": ">=5.3.2",
                "yiisoft/yii": "^1.1.14"
            },
            "type": "ommu-library",
            "notification-url": "https://packagist.org/downloads/",
            "license": [
                "Apache-2.0"
            ],
            "authors": [
                {
                    "name": "Putra Sudaryanto",
                    "email": "putra@sudaryanto.id",
                    "homepage": "https://putra.sudaryanto.id",
                    "role": "Creator"
                }
            ],
            "description": "Gii Generator Template for Ommu Platform",
            "homepage": "https://github.com/ommu/ommu-gii-template",
            "keywords": [
                "generator",
                "gii",
                "ommu",
                "ommu platform",
                "platform",
                "template",
                "yii"
            ],
            "time": "2017-10-27T05:44:10+00:00"
        },
        {
            "name": "ommu/ommu",
            "version": "1.0",
            "source": {
                "type": "git",
                "url": "https://github.com/OmmuThemes/ommu.git",
                "reference": "7d0a44b01ad6a8b00c1fb86c7d06fbeba975266f"
            },
            "dist": {
                "type": "zip",
                "url": "https://api.github.com/repos/OmmuThemes/ommu/zipball/7d0a44b01ad6a8b00c1fb86c7d06fbeba975266f",
                "reference": "7d0a44b01ad6a8b00c1fb86c7d06fbeba975266f",
                "shasum": ""
            },
            "require": {
                "oomphinc/composer-installers-extender": "^1.0",
                "php": ">=5.3.2",
                "yiisoft/yii": "1.1.*"
            },
            "type": "ommu-theme",
            "notification-url": "https://packagist.org/downloads/",
            "license": [
                "Apache-2.0"
            ],
            "authors": [
                {
                    "name": "Putra Sudaryanto",
                    "email": "putra@sudaryanto.id",
                    "homepage": "https://putra.sudaryanto.id",
                    "role": "Creator"
                }
            ],
            "description": "Ommu backoffice theme for Ommu Platform",
            "homepage": "https://github.com/OmmuThemes/ommu",
            "keywords": [
                "backoffice",
                "ommu",
                "ommu platform",
                "platform",
                "theme"
            ],
            "time": "2017-09-23T04:39:12+00:00"
        },
        {
            "name": "ommu/report",
            "version": "1.0.2",
            "source": {
                "type": "git",
                "url": "https://github.com/ommu/ommu-report.git",
                "reference": "76d0113eb17526714dd998ff294e831e014b3585"
            },
            "dist": {
                "type": "zip",
                "url": "https://api.github.com/repos/ommu/ommu-report/zipball/76d0113eb17526714dd998ff294e831e014b3585",
                "reference": "76d0113eb17526714dd998ff294e831e014b3585",
                "shasum": ""
            },
            "require": {
                "ommu/yii-behavior-sluggable": "^1.0.1",
                "oomphinc/composer-installers-extender": "^1.0",
                "php": ">=5.3.2",
                "yiiext/imperavi-redactor-widget": "^1.3.10",
                "yiisoft/yii": ">=1.1.14"
            },
            "type": "ommu-module",
            "notification-url": "https://packagist.org/downloads/",
            "license": [
                "Apache-2.0"
            ],
            "authors": [
                {
                    "name": "Putra Sudaryanto",
                    "email": "putra@sudaryanto.id",
                    "homepage": "https://putra.sudaryanto.id",
                    "role": "Creator"
                }
            ],
            "description": "Module Report for Ommu Platform",
            "homepage": "https://github.com/ommu/ommu-report",
            "keywords": [
                "module",
                "ommu",
                "ommu platform",
                "platform",
                "report"
            ],
            "time": "2017-11-20T09:58:25+00:00"
        },
        {
            "name": "ommu/support",
            "version": "1.0.2",
            "source": {
                "type": "git",
                "url": "https://github.com/ommu/ommu-support.git",
                "reference": "fdf85a957cd45e87325d37a6f043f7078013dfb0"
            },
            "dist": {
                "type": "zip",
                "url": "https://api.github.com/repos/ommu/ommu-support/zipball/fdf85a957cd45e87325d37a6f043f7078013dfb0",
                "reference": "fdf85a957cd45e87325d37a6f043f7078013dfb0",
                "shasum": ""
            },
            "require": {
                "ommu/yii-behavior-sluggable": "^1.0.1",
                "oomphinc/composer-installers-extender": "^1.0",
                "php": ">=5.3.2",
                "yiiext/imperavi-redactor-widget": "^1.3.10",
                "yiisoft/yii": ">=1.1.14"
            },
            "type": "ommu-module",
            "notification-url": "https://packagist.org/downloads/",
            "license": [
                "Apache-2.0"
            ],
            "authors": [
                {
                    "name": "Putra Sudaryanto",
                    "email": "putra@sudaryanto.id",
                    "homepage": "https://putra.sudaryanto.id",
                    "role": "Creator"
                }
            ],
            "description": "Module Support for Ommu Platform",
            "homepage": "https://github.com/ommu/ommu-support",
            "keywords": [
                "module",
                "ommu",
                "ommu platform",
                "platform",
                "support"
            ],
            "time": "2017-11-20T09:58:47+00:00"
        },
        {
            "name": "ommu/users",
            "version": "1.0.2",
            "source": {
                "type": "git",
                "url": "https://github.com/ommu/ommu-users.git",
                "reference": "20c2e58213337ea56e2aaf30d39b818868dd4e8f"
            },
            "dist": {
                "type": "zip",
                "url": "https://api.github.com/repos/ommu/ommu-users/zipball/20c2e58213337ea56e2aaf30d39b818868dd4e8f",
                "reference": "20c2e58213337ea56e2aaf30d39b818868dd4e8f",
                "shasum": ""
            },
            "require": {
                "ommu/yii-behavior-sluggable": "^1.0.1",
                "oomphinc/composer-installers-extender": "^1.0",
                "php": ">=5.3.2",
                "yiisoft/yii": ">=1.1.14"
            },
            "type": "ommu-module",
            "notification-url": "https://packagist.org/downloads/",
            "license": [
                "Apache-2.0"
            ],
            "authors": [
                {
                    "name": "Putra Sudaryanto",
                    "email": "putra@sudaryanto.id",
                    "homepage": "https://putra.sudaryanto.id",
                    "role": "Creator"
                }
            ],
            "description": "Module User for Ommu Platform",
            "homepage": "https://github.com/ommu/ommu-users",
            "keywords": [
                "Users",
                "module",
                "ommu",
                "ommu platform",
                "platform"
            ],
            "time": "2017-11-20T09:59:09+00:00"
        },
        {
            "name": "ommu/yii-behavior-sluggable",
            "version": "1.0.1",
            "source": {
                "type": "git",
                "url": "https://github.com/ommu/yii-behavior-sluggable.git",
                "reference": "282a754be1e3990e75027b6aecb8c3b0c4c1d38d"
            },
            "dist": {
                "type": "zip",
                "url": "https://api.github.com/repos/ommu/yii-behavior-sluggable/zipball/282a754be1e3990e75027b6aecb8c3b0c4c1d38d",
                "reference": "282a754be1e3990e75027b6aecb8c3b0c4c1d38d",
                "shasum": ""
            },
            "require": {
                "oomphinc/composer-installers-extender": "^1.0",
                "php": ">=5.3.2",
                "yiisoft/yii": "^1.1.14"
            },
            "require-dev": {
                "phake/phake": "1.*",
                "phpunit/dbunit": "1.2.3",
                "phpunit/php-invoker": "1.1.3",
                "phpunit/phpunit": "3.7.24",
                "phpunit/phpunit-selenium": "1.3.1",
                "phpunit/phpunit-story": "1.0.2"
            },
            "type": "ommu-extension",
            "notification-url": "https://packagist.org/downloads/",
            "license": [
                "Apache-2.0"
            ],
            "authors": [
                {
                    "name": "Putra Sudaryanto",
                    "email": "putra@sudaryanto.id",
                    "homepage": "https://putra.sudaryanto.id",
                    "role": "Modifier"
                },
                {
                    "name": "Florian Fackler",
                    "email": "florian.fackler@mintao.com",
                    "role": "Creator"
                }
            ],
            "description": "Make a unique url out of one or more db fields",
            "homepage": "https://github.com/ommu/yii-behavior-sluggable",
            "keywords": [
                "Behavior",
                "extension",
                "ommu",
                "ommu platform",
                "platform",
                "sluggable",
                "yii"
            ],
            "time": "2017-11-20T08:55:20+00:00"
        },
        {
            "name": "oomphinc/composer-installers-extender",
            "version": "v1.1.2",
            "source": {
                "type": "git",
                "url": "https://github.com/oomphinc/composer-installers-extender.git",
                "reference": "ca1c4b16b0905c81d1e77e608f36a2eff1a56f56"
            },
            "dist": {
                "type": "zip",
                "url": "https://api.github.com/repos/oomphinc/composer-installers-extender/zipball/ca1c4b16b0905c81d1e77e608f36a2eff1a56f56",
                "reference": "ca1c4b16b0905c81d1e77e608f36a2eff1a56f56",
                "shasum": ""
            },
            "require": {
                "composer-plugin-api": "^1.0",
                "composer/installers": "^1.0"
            },
            "type": "composer-plugin",
            "extra": {
                "class": "OomphInc\\ComposerInstallersExtender\\Plugin"
            },
            "autoload": {
                "psr-4": {
                    "OomphInc\\ComposerInstallersExtender\\": "src/"
                }
            },
            "notification-url": "https://packagist.org/downloads/",
            "license": [
                "MIT"
            ],
            "authors": [
                {
                    "name": "Stephen Beemsterboer",
                    "email": "stephen@oomphinc.com",
                    "homepage": "https://github.com/balbuf"
                }
            ],
            "description": "Extend the composer/installers plugin to accept any arbitrary package type.",
            "homepage": "http://www.oomphinc.com/",
            "time": "2017-03-31T16:57:39+00:00"
        },
        {
            "name": "yiiext/imperavi-redactor-widget",
            "version": "v1.3.18",
            "source": {
                "type": "git",
                "url": "https://github.com/yiiext/imperavi-redactor-widget.git",
                "reference": "bcee0b0bfe0b394eff9a5972b6f11785d735ab8b"
            },
            "dist": {
                "type": "zip",
                "url": "https://api.github.com/repos/yiiext/imperavi-redactor-widget/zipball/bcee0b0bfe0b394eff9a5972b6f11785d735ab8b",
                "reference": "bcee0b0bfe0b394eff9a5972b6f11785d735ab8b",
                "shasum": ""
            },
            "type": "library",
            "notification-url": "https://packagist.org/downloads/",
            "license": [
                "proprietary"
            ],
            "authors": [
                {
                    "name": "Veaceslav Medvedev",
                    "email": "slavcopost@gmail.com"
                },
                {
                    "name": "Alexander Makarov",
                    "email": "sam@rmcreative.ru",
                    "homepage": "http://rmcreative.ru/"
                }
            ],
            "description": "Imperavi Redactor Widget for Yii",
            "homepage": "https://github.com/yiiext/imperavi-redactor-widget",
            "keywords": [
                "impravi",
                "wysiwyg",
                "yii"
            ],
            "time": "2017-02-28T18:03:23+00:00"
        },
        {
            "name": "yiisoft/yii",
            "version": "1.1.19",
            "source": {
                "type": "git",
                "url": "https://github.com/yiisoft/yii.git",
                "reference": "5790cbff82cb4837d445f995932f5d069ab4ba4c"
            },
            "dist": {
                "type": "zip",
                "url": "https://api.github.com/repos/yiisoft/yii/zipball/5790cbff82cb4837d445f995932f5d069ab4ba4c",
                "reference": "5790cbff82cb4837d445f995932f5d069ab4ba4c",
                "shasum": ""
            },
            "require": {
                "php": ">=5.1.0"
            },
            "require-dev": {
                "phing/phing": "2.*",
                "phpunit/phpunit": "~3.7",
                "phpunit/phpunit-selenium": "~1.4.0"
            },
            "bin": [
                "framework/yiic"
            ],
            "type": "library",
            "autoload": {
                "classmap": [
                    "framework/YiiBase.php",
                    "framework/yii.php"
                ]
            },
            "notification-url": "https://packagist.org/downloads/",
            "license": [
                "BSD-3-Clause"
            ],
            "authors": [
                {
                    "name": "Qiang Xue",
                    "email": "qiang.xue@gmail.com",
                    "homepage": "http://www.yiiframework.com/",
                    "role": "Founder and project lead"
                },
                {
                    "name": "Alexander Makarov",
                    "email": "sam@rmcreative.ru",
                    "homepage": "http://rmcreative.ru/",
                    "role": "Core framework development"
                },
                {
                    "name": "Maurizio Domba",
                    "homepage": "http://mdomba.info/",
                    "role": "Core framework development"
                },
                {
                    "name": "Carsten Brandt",
                    "email": "mail@cebe.cc",
                    "homepage": "http://cebe.cc/",
                    "role": "Core framework development"
                },
                {
                    "name": "Wei Zhuo",
                    "email": "weizhuo@gmail.com",
                    "role": "Project site maintenance and development"
                },
                {
                    "name": "Sebastián Thierer",
                    "email": "sebas@artfos.com",
                    "role": "Component development"
                },
                {
                    "name": "Jeffrey Winesett",
                    "email": "jefftulsa@gmail.com",
                    "role": "Documentation and marketing"
                },
                {
                    "name": "Timur Ruziev",
                    "email": "resurtm@gmail.com",
                    "homepage": "http://resurtm.com/",
                    "role": "Core framework development"
                },
                {
                    "name": "Paul Klimov",
                    "email": "klimov.paul@gmail.com",
                    "role": "Core framework development"
                }
            ],
            "description": "Yii Web Programming Framework",
            "homepage": "http://www.yiiframework.com/",
            "keywords": [
                "framework",
                "yii"
            ],
            "time": "2017-06-08T07:19:07+00:00"
        }
    ],
    "packages-dev": [],
    "aliases": [],
    "minimum-stability": "stable",
    "stability-flags": [],
    "prefer-stable": false,
    "prefer-lowest": false,
    "platform": {
        "php": ">=5.3.2"
    },
    "platform-dev": []
}
